
Microsoft Visual Studio Solution File, Format Version 12.00
# Visual Studio Version 17
VisualStudioVersion = 17.3.32825.248
MinimumVisualStudioVersion = 10.0.40219.1
Project("{9A19103F-16F7-4668-BE54-9A1E7A4F7556}") = "uploadManager", "uploadManager\uploadManager.csproj", "{81C0E05B-4CB1-49A7-B88B-F1732987F027}"
EndProject
Project("{FAE04EC0-301F-11D3-BF4B-00C04F79EFBC}") = "BucketToAnotherBucket", "BucketToAnotherBucket\BucketToAnotherBucket.csproj", "{2CA6F483-B64F-4C9E-8E5D-1D0A517484DD}"
EndProject
Global
	GlobalSection(SolutionConfigurationPlatforms) = preSolution
		Debug|Any CPU = Debug|Any CPU
		Release|Any CPU = Release|Any CPU
	EndGlobalSection
	GlobalSection(ProjectConfigurationPlatforms) = postSolution
		{81C0E05B-4CB1-49A7-B88B-F1732987F027}.Debug|Any CPU.ActiveCfg = Debug|Any CPU
		{81C0E05B-4CB1-49A7-B88B-F1732987F027}.Debug|Any CPU.Build.0 = Debug|Any CPU
		{81C0E05B-4CB1-49A7-B88B-F1732987F027}.Release|Any CPU.ActiveCfg = Release|Any CPU
		{81C0E05B-4CB1-49A7-B88B-F1732987F027}.Release|Any CPU.Build.0 = Release|Any CPU
		{2CA6F483-B64F-4C9E-8E5D-1D0A517484DD}.Debug|Any CPU.ActiveCfg = Debug|Any CPU
		{2CA6F483-B64F-4C9E-8E5D-1D0A517484DD}.Debug|Any CPU.Build.0 = Debug|Any CPU
		{2CA6F483-B64F-4C9E-8E5D-1D0A517484DD}.Release|Any CPU.ActiveCfg = Release|Any CPU
		{2CA6F483-B64F-4C9E-8E5D-1D0A517484DD}.Release|Any CPU.Build.0 = Release|Any CPU
	EndGlobalSection
	GlobalSection(SolutionProperties) = preSolution
		HideSolutionNode = FALSE
	EndGlobalSection
	GlobalSection(ExtensibilityGlobals) = postSolution
		SolutionGuid = {EA341B8F-E365-4E2C-848C-25486E53233E}
	EndGlobalSection
EndGlobal
